
Microsoft Visual Studio Solution File, Format Version 12.00
# Visual Studio Version 16
VisualStudioVersion = 16.0.31112.23
MinimumVisualStudioVersion = 10.0.40219.1
Project("{FAE04EC0-301F-11D3-BF4B-00C04F79EFBC}") = "Demo", "Demo\Demo.csproj", "{D092AD13-44C8-4817-A07F-01ED9DC528FE}"
EndProject
Project("{FAE04EC0-301F-11D3-BF4B-00C04F79EFBC}") = "Model", "Model\Model.csproj", "{EF0253C7-563F-42DD-A13B-B0AED1E4C774}"
EndProject
Global
	GlobalSection(SolutionConfigurationPlatforms) = preSolution
		Debug|Any CPU = Debug|Any CPU
		Release|Any CPU = Release|Any CPU
	EndGlobalSection
	GlobalSection(ProjectConfigurationPlatforms) = postSolution
		{D092AD13-44C8-4817-A07F-01ED9DC528FE}.Debug|Any CPU.ActiveCfg = Debug|Any CPU
		{D092AD13-44C8-4817-A07F-01ED9DC528FE}.Debug|Any CPU.Build.0 = Debug|Any CPU
		{D092AD13-44C8-4817-A07F-01ED9DC528FE}.Release|Any CPU.ActiveCfg = Release|Any CPU
		{D092AD13-44C8-4817-A07F-01ED9DC528FE}.Release|Any CPU.Build.0 = Release|Any CPU
		{EF0253C7-563F-42DD-A13B-B0AED1E4C774}.Debug|Any CPU.ActiveCfg = Debug|Any CPU
		{EF0253C7-563F-42DD-A13B-B0AED1E4C774}.Debug|Any CPU.Build.0 = Debug|Any CPU
		{EF0253C7-563F-42DD-A13B-B0AED1E4C774}.Release|Any CPU.ActiveCfg = Release|Any CPU
		{EF0253C7-563F-42DD-A13B-B0AED1E4C774}.Release|Any CPU.Build.0 = Release|Any CPU
	EndGlobalSection
	GlobalSection(SolutionProperties) = preSolution
		HideSolutionNode = FALSE
	EndGlobalSection
	GlobalSection(ExtensibilityGlobals) = postSolution
		SolutionGuid = {4170F00F-F834-437A-99C0-9AADD853A4FD}
	EndGlobalSection
EndGlobal
